
Microsoft Visual Studio Solution File, Format Version 12.00
# Visual Studio 15
VisualStudioVersion = 15.0.28307.572
MinimumVisualStudioVersion = 10.0.40219.1
Project("{9A19103F-16F7-4668-BE54-9A1E7A4F7556}") = "ISAT2019", "ISAT2019\ISAT2019.csproj", "{5DF2C86D-6A39-4804-B86B-BDEC1A3DD884}"
EndProject
Global
	GlobalSection(SolutionConfigurationPlatforms) = preSolution
		Debug|Any CPU = Debug|Any CPU
		Release|Any CPU = Release|Any CPU
	EndGlobalSection
	GlobalSection(ProjectConfigurationPlatforms) = postSolution
		{5DF2C86D-6A39-4804-B86B-BDEC1A3DD884}.Debug|Any CPU.ActiveCfg = Debug|Any CPU
		{5DF2C86D-6A39-4804-B86B-BDEC1A3DD884}.Debug|Any CPU.Build.0 = Debug|Any CPU
		{5DF2C86D-6A39-4804-B86B-BDEC1A3DD884}.Release|Any CPU.ActiveCfg = Release|Any CPU
		{5DF2C86D-6A39-4804-B86B-BDEC1A3DD884}.Release|Any CPU.Build.0 = Release|Any CPU
	EndGlobalSection
	GlobalSection(SolutionProperties) = preSolution
		HideSolutionNode = FALSE
	EndGlobalSection
	GlobalSection(ExtensibilityGlobals) = postSolution
		SolutionGuid = {18A7FBFB-50D9-45DE-879D-867D4C3745F5}
	EndGlobalSection
EndGlobal
